{
  "version": "5",
  "redirects": {
    "https://esm.sh/@supabase/functions-js@^2.1.5?target=denonext": "https://esm.sh/@supabase/functions-js@2.110.0?target=denonext",
    "https://esm.sh/@supabase/gotrue-js@^2.60.0?target=denonext": "https://esm.sh/@supabase/gotrue-js@2.108.2?target=denonext",
    "https://esm.sh/@supabase/node-fetch@^2.6.14?target=denonext": "https://esm.sh/@supabase/node-fetch@2.6.15?target=denonext",
    "https://esm.sh/@supabase/postgrest-js@^1.9.0?target=denonext": "https://esm.sh/@supabase/postgrest-js@1.21.4?target=denonext",
    "https://esm.sh/@supabase/realtime-js@^2.9.3?target=denonext": "https://esm.sh/@supabase/realtime-js@2.110.0?target=denonext",
    "https://esm.sh/@supabase/storage-js@^2.5.4?target=denonext": "https://esm.sh/@supabase/storage-js@2.110.0?target=denonext",
    "https://esm.sh/iceberg-js@^0.8.1?target=denonext": "https://esm.sh/iceberg-js@0.8.1?target=denonext",
    "https://esm.sh/tr46@~0.0.3?target=denonext": "https://esm.sh/tr46@0.0.3?target=denonext",
    "https://esm.sh/webidl-conversions@^3.0.0?target=denonext": "https://esm.sh/webidl-conversions@3.0.1?target=denonext",
    "https://esm.sh/whatwg-url@^5.0.0?target=denonext": "https://esm.sh/whatwg-url@5.0.0?target=denonext"
  },
  "remote": {
    "https://cdn.jsdelivr.net/npm/javascript-lp-solver@0.4.24/src/External/lpsolve/Reformat.js": "ba07e914270e362ac159b1628d6563f94e04c477de126a08bfe41748b590d167",
    "https://cdn.jsdelivr.net/npm/javascript-lp-solver@0.4.24/src/External/lpsolve/main.js": "72c0c96e7f727e5e3c6bda29b2a6fb21d5604b3c334b0610042c584f68b0e996",
    "https://cdn.jsdelivr.net/npm/javascript-lp-solver@0.4.24/src/External/main.js": "fe4fdb18afbbe59c70db7e24503f22033fbbf3c4988dd97867cc415fa0271f66",
    "https://cdn.jsdelivr.net/npm/javascript-lp-solver@0.4.24/src/Tableau/MilpSolution.js": "2e8021695b533b89e53eb15d97e420ef40d8c1f53589b7dde4d720a2ad1ebe3e",
    "https://cdn.jsdelivr.net/npm/javascript-lp-solver@0.4.24/src/Tableau/Solution.js": "332c15b2351c5c3d860e92256a68a182a7cfbbd2c978adcb7fd1399969867d3b",
    "https://cdn.jsdelivr.net/npm/javascript-lp-solver@0.4.24/src/Tableau/Tableau.js": "7a371287eb0108b3471b30234c2f31041f0ba125738b383ef717a7e1998a8c47",
    "https://cdn.jsdelivr.net/npm/javascript-lp-solver@0.4.24/src/Tableau/backup.js": "50a4b7e977b2ceeea36b4153f1ba00e11437fcc3b6c251197e8ee1abaeba453b",
    "https://cdn.jsdelivr.net/npm/javascript-lp-solver@0.4.24/src/Tableau/branchAndCut.js": "94683f97f70aadc6a12fd59a7eff28396bb55be54a5943b5d258dfde87d74a3d",
    "https://cdn.jsdelivr.net/npm/javascript-lp-solver@0.4.24/src/Tableau/branchingStrategies.js": "e364f7c74c4ec230014c3fbab1dbd7163e42f148e42ad459e0353a4016b08f4e",
    "https://cdn.jsdelivr.net/npm/javascript-lp-solver@0.4.24/src/Tableau/cuttingStrategies.js": "bccf113a09f6327eda5782be8fc5944b670bdedc4a6006bb6cf008c4bb2b1308",
    "https://cdn.jsdelivr.net/npm/javascript-lp-solver@0.4.24/src/Tableau/dynamicModification.js": "890899615b827e1d2e2cdf27064dbe9db5bf5f2a1fc9851da05b643d2a26800e",
    "https://cdn.jsdelivr.net/npm/javascript-lp-solver@0.4.24/src/Tableau/index.js": "7f088e6b65ed68a58e77dae8015167934104b703c3f2ac339479c1a865625d75",
    "https://cdn.jsdelivr.net/npm/javascript-lp-solver@0.4.24/src/Tableau/integerProperties.js": "844946eae2d6f678acd68602ec4d6bff44b0b42587b0d5c6f9567ed0af074d12",
    "https://cdn.jsdelivr.net/npm/javascript-lp-solver@0.4.24/src/Tableau/log.js": "3bf182c4621997306b48d4f321423e8407371ec3a44887f60eb1e7132cc95415",
    "https://cdn.jsdelivr.net/npm/javascript-lp-solver@0.4.24/src/Tableau/simplex.js": "38bc7262595ab7c31687d5cac2f40e1c1d8282aca6938e455f5c27e7170bf5ab",
    "https://cdn.jsdelivr.net/npm/javascript-lp-solver@0.4.24/src/expressions.js": "ed20def11ec78a9273eec6f08b6d1ac898fed1d92b94f4354a5ad58f95f2b076",
    "https://cdn.jsdelivr.net/npm/javascript-lp-solver@0.4.24/src/solver.js": "aaa9cdda7b7d4b313dd95697e68f1d9f9b621973bdcfc14e75be771337a72ace",
    "https://deno.land/std@0.190.0/fmt/colors.ts": "d67e3cd9f472535241a8e410d33423980bec45047e343577554d3356e1f0ef4e",
    "https://deno.land/std@0.190.0/testing/_diff.ts": "1a3c044aedf77647d6cac86b798c6417603361b66b54c53331b312caeb447aea",
    "https://deno.land/std@0.190.0/testing/_format.ts": "a69126e8a469009adf4cf2a50af889aca364c349797e63174884a52ff75cf4c7",
    "https://deno.land/std@0.190.0/testing/asserts.ts": "e16d98b4d73ffc4ed498d717307a12500ae4f2cbe668f1a215632d19fcffc22f",
    "https://esm.sh/@supabase/functions-js@2.110.0/denonext/functions-js.mjs": "e34b2f3b958ab4b0339bc0e58781bb264d5387162e1094fad63b35b8746c835d",
    "https://esm.sh/@supabase/functions-js@2.110.0?target=denonext": "4a1babed025bf62fe4c5eb109a3854ef18484b1208cd016b505cef49ec427fe0",
    "https://esm.sh/@supabase/gotrue-js@2.108.2/denonext/gotrue-js.mjs": "682df1bd5131bf6c9d43353e3dcb3a95a03738de058c129d5541a157983c7caa",
    "https://esm.sh/@supabase/gotrue-js@2.108.2?target=denonext": "7233e6aae8e359320f1cd7e1c22b664c8df52726788e07cf72f1abf5cf857e49",
    "https://esm.sh/@supabase/node-fetch@2.6.15/denonext/node-fetch.mjs": "0bae9052231f4f6dbccc7234d05ea96923dbf967be12f402764580b6bf9f713d",
    "https://esm.sh/@supabase/node-fetch@2.6.15?target=denonext": "4d28c4ad97328403184353f68434f2b6973971507919e9150297413664919cf3",
    "https://esm.sh/@supabase/phoenix@0.4.4/denonext/phoenix.mjs": "2c4954292d10fd9137d66a1b7abd73bf24f9771a444c3d4e267b12e1e2b132c8",
    "https://esm.sh/@supabase/postgrest-js@1.21.4/denonext/postgrest-js.mjs": "c3769b11ef02debc78ecf6ab4e152d3cf7dbd05bbbafeb72c160e76cc57cda3c",
    "https://esm.sh/@supabase/postgrest-js@1.21.4?target=denonext": "db2315bc0ff19690cd4239c5adb5f5787f5dea04955058ef1fca541d49555ed6",
    "https://esm.sh/@supabase/realtime-js@2.110.0/denonext/realtime-js.mjs": "300a4129865ad69c45d79e89963e357d003847fb707a5c88cfebf63030db2f2b",
    "https://esm.sh/@supabase/realtime-js@2.110.0?target=denonext": "69522e5bc8676e9280dd6b940900c7825496a6fac4d654cf23b1a36f91590f99",
    "https://esm.sh/@supabase/storage-js@2.110.0/denonext/storage-js.mjs": "1bf5f1363d7e019fb4e7ba41b3f00e4e338acec2379835591f8d4f5590e96a3a",
    "https://esm.sh/@supabase/storage-js@2.110.0?target=denonext": "1684abf119db04f465cbe2c33592f64559f0d5bfebb7a480009e83873ecd3c0f",
    "https://esm.sh/@supabase/supabase-js@2.39.3": "832d7714491bd1c8a9008a332b35cb099f24b451ad79e755ecf4d71985fd6610",
    "https://esm.sh/@supabase/supabase-js@2.39.3/denonext/supabase-js.mjs": "054f4cd1560fa814cdc10d06c0809b00d0817dc06a072fa983e4c023e4346439",
    "https://esm.sh/iceberg-js@0.8.1/denonext/iceberg-js.mjs": "d839d81a2e3966500ca2cdd0c1cb458e9608bacfc91f7bb67a69b2e878dcdb4f",
    "https://esm.sh/iceberg-js@0.8.1?target=denonext": "58c849d7fe2bf4eca4a84eb501e83c161a7d8c34ca1bec15a962b3bec3062633",
    "https://esm.sh/javascript-lp-solver@0.4.24": "c57c5e7ddcdee939c3c1339b9af1948c9c795ba5cf3769e4bbef5ff80c0c6aef",
    "https://esm.sh/javascript-lp-solver@0.4.24/denonext/javascript-lp-solver.mjs": "78060857da2aa4472fbc14261f996bc198263e3cb481a00953c371159d457f25",
    "https://esm.sh/tr46@0.0.3/denonext/tr46.mjs": "5753ec0a99414f4055f0c1f97691100f13d88e48a8443b00aebb90a512785fa2",
    "https://esm.sh/tr46@0.0.3?target=denonext": "19cb9be0f0d418a0c3abb81f2df31f080e9540a04e43b0f699bce1149cba0cbb",
    "https://esm.sh/tslib@2.8.1/denonext/tslib.mjs": "c38da5dd6da6281964435002ce204cd586634fe3bdfb24a0ee116f48cf3292e9",
    "https://esm.sh/webidl-conversions@3.0.1/denonext/webidl-conversions.mjs": "238cd0743827707cbc1c2d7c2cf1027dbc536fb53ec9a3fde0ff8026a3ac5385",
    "https://esm.sh/webidl-conversions@3.0.1?target=denonext": "4e20318d50528084616c79d7b3f6e7f0fe7b6d09013bd01b3974d7448d767e29",
    "https://esm.sh/whatwg-url@5.0.0/denonext/whatwg-url.mjs": "29b16d74ee72624c915745bbd25b617cfd2248c6af0f5120d131e232a9a9af79",
    "https://esm.sh/whatwg-url@5.0.0?target=denonext": "f001a2cadf81312d214ca330033f474e74d81a003e21e8c5d70a1f46dc97b02d"
  },
  "workspace": {
    "packageJson": {
      "dependencies": [
        "npm:@eslint/js@^9.39.4",
        "npm:@radix-ui/react-slot@^1.2.4",
        "npm:@sentry/react@^10.52.0",
        "npm:@sentry/vite-plugin@^5.2.1",
        "npm:@stripe/react-stripe-js@^6.3.0",
        "npm:@stripe/stripe-js@^9.4.0",
        "npm:@supabase/supabase-js@^2.103.3",
        "npm:@tailwindcss/postcss@^4.2.2",
        "npm:@tailwindcss/vite@^4.2.2",
        "npm:@tanstack/react-query@^5.99.2",
        "npm:@types/leaflet@^1.9.21",
        "npm:@types/node@^24.12.2",
        "npm:@types/react-dom@^19.2.3",
        "npm:@types/react@^19.2.14",
        "npm:@vitejs/plugin-react@^6.0.1",
        "npm:autoprefixer@^10.5.0",
        "npm:browser-image-compression@^2.0.2",
        "npm:class-variance-authority@~0.7.1",
        "npm:clsx@^2.1.1",
        "npm:date-fns@^4.1.0",
        "npm:eslint-plugin-react-hooks@^7.1.1",
        "npm:eslint-plugin-react-refresh@~0.5.2",
        "npm:eslint@^9.39.4",
        "npm:framer-motion@^12.38.0",
        "npm:globals@^17.5.0",
        "npm:i18next@^26.0.6",
        "npm:leaflet@^1.9.4",
        "npm:lucide-react@^1.8.0",
        "npm:postcss@^8.5.10",
        "npm:react-dom@^19.2.5",
        "npm:react-i18next@^17.0.4",
        "npm:react-leaflet@5",
        "npm:react-router-dom@^7.14.1",
        "npm:react@^19.2.5",
        "npm:recharts@^3.8.1",
        "npm:sonner@^2.0.7",
        "npm:tailwind-merge@^3.5.0",
        "npm:tailwindcss@^4.2.2",
        "npm:typescript-eslint@^8.58.2",
        "npm:typescript@~6.0.2",
        "npm:vite-plugin-pwa@^1.2.0",
        "npm:vite@^8.0.9"
      ]
    }
  }
}
